
Microsoft Visual Studio Solution File, Format Version 12.00
# Visual Studio Version 16
VisualStudioVersion = 16.0.31105.61
MinimumVisualStudioVersion = 10.0.40219.1
Project("{FAE04EC0-301F-11D3-BF4B-00C04F79EFBC}") = "UsersManagement", "UsersManagement\UsersManagement.csproj", "{83645352-7687-435E-B734-2954D8861592}"
EndProject
Global
	GlobalSection(SolutionConfigurationPlatforms) = preSolution
		Debug|Any CPU = Debug|Any CPU
		Release|Any CPU = Release|Any CPU
	EndGlobalSection
	GlobalSection(ProjectConfigurationPlatforms) = postSolution
		{83645352-7687-435E-B734-2954D8861592}.Debug|Any CPU.ActiveCfg = Debug|Any CPU
		{83645352-7687-435E-B734-2954D8861592}.Debug|Any CPU.Build.0 = Debug|Any CPU
		{83645352-7687-435E-B734-2954D8861592}.Release|Any CPU.ActiveCfg = Release|Any CPU
		{83645352-7687-435E-B734-2954D8861592}.Release|Any CPU.Build.0 = Release|Any CPU
	EndGlobalSection
	GlobalSection(SolutionProperties) = preSolution
		HideSolutionNode = FALSE
	EndGlobalSection
	GlobalSection(ExtensibilityGlobals) = postSolution
		SolutionGuid = {59D76467-EE3D-4B2A-B6AB-479E42A3D60B}
	EndGlobalSection
EndGlobal
